// !$*UTF8*$!
{
	archiveVersion = 1;
	classes = {
	};
	objectVersion = 50;
	objects = {

/* Begin PBXBuildFile section */
		7CF402F04D1D9C07B1F5EA66 /* Pods_taskApp.framework in Frameworks */ = {isa = PBXBuildFile; fileRef = B78BF421116D666AB58A808A /* Pods_taskApp.framework */; };
		E0B4373E22644D52007425C8 /* AppDelegate.swift in Sources */ = {isa = PBXBuildFile; fileRef = E0B4373D22644D52007425C8 /* AppDelegate.swift */; };
		E0B4374022644D52007425C8 /* ViewController.swift in Sources */ = {isa = PBXBuildFile; fileRef = E0B4373F22644D52007425C8 /* ViewController.swift */; };
		E0B4374322644D52007425C8 /* Main.storyboard in Resources */ = {isa = PBXBuildFile; fileRef = E0B4374122644D52007425C8 /* Main.storyboard */; };
		E0B4374522644D52007425C8 /* Assets.xcassets in Resources */ = {isa = PBXBuildFile; fileRef = E0B4374422644D52007425C8 /* Assets.xcassets */; };
		E0B4374822644D52007425C8 /* LaunchScreen.storyboard in Resources */ = {isa = PBXBuildFile; fileRef = E0B4374622644D52007425C8 /* LaunchScreen.storyboard */; };
		E0B4375322644D52007425C8 /* taskAppTests.swift in Sources */ = {isa = PBXBuildFile; fileRef = E0B4375222644D52007425C8 /* taskAppTests.swift */; };
		E0B4375E22644D52007425C8 /* taskAppUITests.swift in Sources */ = {isa = PBXBuildFile; fileRef = E0B4375D22644D52007425C8 /* taskAppUITests.swift */; };
		E0B4376C22645E98007425C8 /* InputViewController.swift in Sources */ = {isa = PBXBuildFile; fileRef = E0B4376B22645E98007425C8 /* InputViewController.swift */; };
/* End PBXBuildFile section */

/* Begin PBXContainerItemProxy section */
		E0B4374F22644D52007425C8 /* PBXContainerItemProxy */ = {
			isa = PBXContainerItemProxy;
			containerPortal = E0B4373222644D52007425C8 /* Project object */;
			proxyType = 1;
			remoteGlobalIDString = E0B4373922644D52007425C8;
			remoteInfo = taskApp;
		};
		E0B4375A22644D52007425C8 /* PBXContainerItemProxy */ = {
			isa = PBXContainerItemProxy;
			containerPortal = E0B4373222644D52007425C8 /* Project object */;
			proxyType = 1;
			remoteGlobalIDString = E0B4373922644D52007425C8;
			remoteInfo = taskApp;
		};
/* End PBXContainerItemProxy section */

/* Begin PBXFileReference section */
		6FA99C5A1C7486B231F5490A /* Pods-taskApp.release.xcconfig */ = {isa = PBXFileReference; includeInIndex = 1; lastKnownFileType = text.xcconfig; name = "Pods-taskApp.release.xcconfig"; path = "Target Support Files/Pods-taskApp/Pods-taskApp.release.xcconfig"; sourceTree = "<group>"; };
		A013964E8492E4722C1DD3ED /* Pods-taskApp.debug.xcconfig */ = {isa = PBXFileReference; includeInIndex = 1; lastKnownFileType = text.xcconfig; name = "Pods-taskApp.debug.xcconfig"; path = "Target Support Files/Pods-taskApp/Pods-taskApp.debug.xcconfig"; sourceTree = "<group>"; };
		B78BF421116D666AB58A808A /* Pods_taskApp.framework */ = {isa = PBXFileReference; explicitFileType = wrapper.framework; includeInIndex = 0; path = Pods_taskApp.framework; sourceTree = BUILT_PRODUCTS_DIR; };
		E0B4373A22644D52007425C8 /* taskApp.app */ = {isa = PBXFileReference; explicitFileType = wrapper.application; includeInIndex = 0; path = taskApp.app; sourceTree = BUILT_PRODUCTS_DIR; };
		E0B4373D22644D52007425C8 /* AppDelegate.swift */ = {isa = PBXFileReference; lastKnownFileType = sourcecode.swift; path = AppDelegate.swift; sourceTree = "<group>"; };
		E0B4373F22644D52007425C8 /* ViewController.swift */ = {isa = PBXFileReference; lastKnownFileType = sourcecode.swift; path = ViewController.swift; sourceTree = "<group>"; };
		E0B4374222644D52007425C8 /* Base */ = {isa = PBXFileReference; lastKnownFileType = file.storyboard; name = Base; path = Base.lproj/Main.storyboard; sourceTree = "<group>"; };
		E0B4374422644D52007425C8 /* Assets.xcassets */ = {isa = PBXFileReference; lastKnownFileType = folder.assetcatalog; path = Assets.xcassets; sourceTree = "<group>"; };
		E0B4374722644D52007425C8 /* Base */ = {isa = PBXFileReference; lastKnownFileType = file.storyboard; name = Base; path = Base.lproj/LaunchScreen.storyboard; sourceTree = "<group>"; };
		E0B4374922644D52007425C8 /* Info.plist */ = {isa = PBXFileReference; lastKnownFileType = text.plist.xml; path = Info.plist; sourceTree = "<group>"; };
		E0B4374E22644D52007425C8 /* taskAppTests.xctest */ = {isa = PBXFileReference; explicitFileType = wrapper.cfbundle; includeInIndex = 0; path = taskAppTests.xctest; sourceTree = BUILT_PRODUCTS_DIR; };
		E0B4375222644D52007425C8 /* taskAppTests.swift */ = {isa = PBXFileReference; lastKnownFileType = sourcecode.swift; path = taskAppTests.swift; sourceTree = "<group>"; };
		E0B4375422644D52007425C8 /* Info.plist */ = {isa = PBXFileReference; lastKnownFileType = text.plist.xml; path = Info.plist; sourceTree = "<group>"; };
		E0B4375922644D52007425C8 /* taskAppUITests.xctest */ = {isa = PBXFileReference; explicitFileType = wrapper.cfbundle; includeInIndex = 0; path = taskAppUITests.xctest; sourceTree = BUILT_PRODUCTS_DIR; };
		E0B4375D22644D52007425C8 /* taskAppUITests.swift */ = {isa = PBXFileReference; lastKnownFileType = sourcecode.swift; path = taskAppUITests.swift; sourceTree = "<group>"; };
		E0B4375F22644D52007425C8 /* Info.plist */ = {isa = PBXFileReference; lastKnownFileType = text.plist.xml; path = Info.plist; sourceTree = "<group>"; };
		E0B4376B22645E98007425C8 /* InputViewController.swift */ = {isa = PBXFileReference; lastKnownFileType = sourcecode.swift; path = InputViewController.swift; sourceTree = "<group>"; };
/* End PBXFileReference section */

/* Begin PBXFrameworksBuildPhase section */
		E0B4373722644D52007425C8 /* Frameworks */ = {
			isa = PBXFrameworksBuildPhase;
			buildActionMask = 2147483647;
			files = (
				7CF402F04D1D9C07B1F5EA66 /* Pods_taskApp.framework in Frameworks */,
			);
			runOnlyForDeploymentPostprocessing = 0;
		};
		E0B4374B22644D52007425C8 /* Frameworks */ = {
			isa = PBXFrameworksBuildPhase;
			buildActionMask = 2147483647;
			files = (
			);
			runOnlyForDeploymentPostprocessing = 0;
		};
		E0B4375622644D52007425C8 /* Frameworks */ = {
			isa = PBXFrameworksBuildPhase;
			buildActionMask = 2147483647;
			files = (
			);
			runOnlyForDeploymentPostprocessing = 0;
		};
/* End PBXFrameworksBuildPhase section */

/* Begin PBXGroup section */
		67BE6DB1F415F732CD7F2494 /* Pods */ = {
			isa = PBXGroup;
			children = (
				A013964E8492E4722C1DD3ED /* Pods-taskApp.debug.xcconfig */,
				6FA99C5A1C7486B231F5490A /* Pods-taskApp.release.xcconfig */,
			);
			name = Pods;
			path = Pods;
			sourceTree = "<group>";
		};
		C166D019C4CB598725113009 /* Frameworks */ = {
			isa = PBXGroup;
			children = (
				B78BF421116D666AB58A808A /* Pods_taskApp.framework */,
			);
			name = Frameworks;
			sourceTree = "<group>";
		};
		E0B4373122644D52007425C8 = {
			isa = PBXGroup;
			children = (
				E0B4373C22644D52007425C8 /* taskApp */,
				E0B4375122644D52007425C8 /* taskAppTests */,
				E0B4375C22644D52007425C8 /* taskAppUITests */,
				E0B4373B22644D52007425C8 /* Products */,
				67BE6DB1F415F732CD7F2494 /* Pods */,
				C166D019C4CB598725113009 /* Frameworks */,
			);
			sourceTree = "<group>";
		};
		E0B4373B22644D52007425C8 /* Products */ = {
			isa = PBXGroup;
			children = (
				E0B4373A22644D52007425C8 /* taskApp.app */,
				E0B4374E22644D52007425C8 /* taskAppTests.xctest */,
				E0B4375922644D52007425C8 /* taskAppUITests.xctest */,
			);
			name = Products;
			sourceTree = "<group>";
		};
		E0B4373C22644D52007425C8 /* taskApp */ = {
			isa = PBXGroup;
			children = (
				E0B4373D22644D52007425C8 /* AppDelegate.swift */,
				E0B4373F22644D52007425C8 /* ViewController.swift */,
				E0B4374122644D52007425C8 /* Main.storyboard */,
				E0B4374422644D52007425C8 /* Assets.xcassets */,
				E0B4374622644D52007425C8 /* LaunchScreen.storyboard */,
				E0B4374922644D52007425C8 /* Info.plist */,
				E0B4376B22645E98007425C8 /* InputViewController.swift */,
			);
			path = taskApp;
			sourceTree = "<group>";
		};
		E0B4375122644D52007425C8 /* taskAppTests */ = {
			isa = PBXGroup;
			children = (
				E0B4375222644D52007425C8 /* taskAppTests.swift */,
				E0B4375422644D52007425C8 /* Info.plist */,
			);
			path = taskAppTests;
			sourceTree = "<group>";
		};
		E0B4375C22644D52007425C8 /* taskAppUITests */ = {
			isa = PBXGroup;
			children = (
				E0B4375D22644D52007425C8 /* taskAppUITests.swift */,
				E0B4375F22644D52007425C8 /* Info.plist */,
			);
			path = taskAppUITests;
			sourceTree = "<group>";
		};
/* End PBXGroup section */

/* Begin PBXNativeTarget section */
		E0B4373922644D52007425C8 /* taskApp */ = {
			isa = PBXNativeTarget;
			buildConfigurationList = E0B4376222644D52007425C8 /* Build configuration list for PBXNativeTarget "taskApp" */;
			buildPhases = (
				BE2575991BF07C01445FD5ED /* [CP] Check Pods Manifest.lock */,
				E0B4373622644D52007425C8 /* Sources */,
				E0B4373722644D52007425C8 /* Frameworks */,
				E0B4373822644D52007425C8 /* Resources */,
				BCCF278B7AC6316A9AD53AF4 /* [CP] Embed Pods Frameworks */,
			);
			buildRules = (
			);
			dependencies = (
			);
			name = taskApp;
			productName = taskApp;
			productReference = E0B4373A22644D52007425C8 /* taskApp.app */;
			productType = "com.apple.product-type.application";
		};
		E0B4374D22644D52007425C8 /* taskAppTests */ = {
			isa = PBXNativeTarget;
			buildConfigurationList = E0B4376522644D52007425C8 /* Build configuration list for PBXNativeTarget "taskAppTests" */;
			buildPhases = (
				E0B4374A22644D52007425C8 /* Sources */,
				E0B4374B22644D52007425C8 /* Frameworks */,
				E0B4374C22644D52007425C8 /* Resources */,
			);
			buildRules = (
			);
			dependencies = (
				E0B4375022644D52007425C8 /* PBXTargetDependency */,
			);
			name = taskAppTests;
			productName = taskAppTests;
			productReference = E0B4374E22644D52007425C8 /* taskAppTests.xctest */;
			productType = "com.apple.product-type.bundle.unit-test";
		};
		E0B4375822644D52007425C8 /* taskAppUITests */ = {
			isa = PBXNativeTarget;
			buildConfigurationList = E0B4376822644D52007425C8 /* Build configuration list for PBXNativeTarget "taskAppUITests" */;
			buildPhases = (
				E0B4375522644D52007425C8 /* Sources */,
				E0B4375622644D52007425C8 /* Frameworks */,
				E0B4375722644D52007425C8 /* Resources */,
			);
			buildRules = (
			);
			dependencies = (
				E0B4375B22644D52007425C8 /* PBXTargetDependency */,
			);
			name = taskAppUITests;
			productName = taskAppUITests;
			productReference = E0B4375922644D52007425C8 /* taskAppUITests.xctest */;
			productType = "com.apple.product-type.bundle.ui-testing";
		};
/* End PBXNativeTarget section */

/* Begin PBXProject section */
		E0B4373222644D52007425C8 /* Project object */ = {
			isa = PBXProject;
			attributes = {
				LastSwiftUpdateCheck = 1010;
				LastUpgradeCheck = 1010;
				ORGANIZATIONNAME = "許 裕士";
				TargetAttributes = {
					E0B4373922644D52007425C8 = {
						CreatedOnToolsVersion = 10.1;
					};
					E0B4374D22644D52007425C8 = {
						CreatedOnToolsVersion = 10.1;
						TestTargetID = E0B4373922644D52007425C8;
					};
					E0B4375822644D52007425C8 = {
						CreatedOnToolsVersion = 10.1;
						TestTargetID = E0B4373922644D52007425C8;
					};
				};
			};
			buildConfigurationList = E0B4373522644D52007425C8 /* Build configuration list for PBXProject "taskApp" */;
			compatibilityVersion = "Xcode 9.3";
			developmentRegion = en;
			hasScannedForEncodings = 0;
			knownRegions = (
				en,
				Base,
			);
			mainGroup = E0B4373122644D52007425C8;
			productRefGroup = E0B4373B22644D52007425C8 /* Products */;
			projectDirPath = "";
			projectRoot = "";
			targets = (
				E0B4373922644D52007425C8 /* taskApp */,
				E0B4374D22644D52007425C8 /* taskAppTests */,
				E0B4375822644D52007425C8 /* taskAppUITests */,
			);
		};
/* End PBXProject section */

/* Begin PBXResourcesBuildPhase section */
		E0B4373822644D52007425C8 /* Resources */ = {
			isa = PBXResourcesBuildPhase;
			buildActionMask = 2147483647;
			files = (
				E0B4374822644D52007425C8 /* LaunchScreen.storyboard in Resources */,
				E0B4374522644D52007425C8 /* Assets.xcassets in Resources */,
				E0B4374322644D52007425C8 /* Main.storyboard in Resources */,
			);
			runOnlyForDeploymentPostprocessing = 0;
		};
		E0B4374C22644D52007425C8 /* Resources */ = {
			isa = PBXResourcesBuildPhase;
			buildActionMask = 2147483647;
			files = (
			);
			runOnlyForDeploymentPostprocessing = 0;
		};
		E0B4375722644D52007425C8 /* Resources */ = {
			isa = PBXResourcesBuildPhase;
			buildActionMask = 2147483647;
			files = (
			);
			runOnlyForDeploymentPostprocessing = 0;
		};
/* End PBXResourcesBuildPhase section */

/* Begin PBXShellScriptBuildPhase section */
		BCCF278B7AC6316A9AD53AF4 /* [CP] Embed Pods Frameworks */ = {
			isa = PBXShellScriptBuildPhase;
			buildActionMask = 2147483647;
			files = (
			);
			inputFileListPaths = (
			);
			inputPaths = (
				"${PODS_ROOT}/Target Support Files/Pods-taskApp/Pods-taskApp-frameworks.sh",
				"${BUILT_PRODUCTS_DIR}/Realm/Realm.framework",
				"${BUILT_PRODUCTS_DIR}/RealmSwift/RealmSwift.framework",
			);
			name = "[CP] Embed Pods Frameworks";
			outputFileListPaths = (
			);
			outputPaths = (
				"${TARGET_BUILD_DIR}/${FRAMEWORKS_FOLDER_PATH}/Realm.framework",
				"${TARGET_BUILD_DIR}/${FRAMEWORKS_FOLDER_PATH}/RealmSwift.framework",
			);
			runOnlyForDeploymentPostprocessing = 0;
			shellPath = /bin/sh;
			shellScript = "\"${PODS_ROOT}/Target Support Files/Pods-taskApp/Pods-taskApp-frameworks.sh\"\n";
			showEnvVarsInLog = 0;
		};
		BE2575991BF07C01445FD5ED /* [CP] Check Pods Manifest.lock */ = {
			isa = PBXShellScriptBuildPhase;
			buildActionMask = 2147483647;
			files = (
			);
			inputFileListPaths = (
			);
			inputPaths = (
				"${PODS_PODFILE_DIR_PATH}/Podfile.lock",
				"${PODS_ROOT}/Manifest.lock",
			);
			name = "[CP] Check Pods Manifest.lock";
			outputFileListPaths = (
			);
			outputPaths = (
				"$(DERIVED_FILE_DIR)/Pods-taskApp-checkManifestLockResult.txt",
			);
			runOnlyForDeploymentPostprocessing = 0;
			shellPath = /bin/sh;
			shellScript = "diff \"${PODS_PODFILE_DIR_PATH}/Podfile.lock\" \"${PODS_ROOT}/Manifest.lock\" > /dev/null\nif [ $? != 0 ] ; then\n    # print error to STDERR\n    echo \"error: The sandbox is not in sync with the Podfile.lock. Run 'pod install' or update your CocoaPods installation.\" >&2\n    exit 1\nfi\n# This output is used by Xcode 'outputs' to avoid re-running this script phase.\necho \"SUCCESS\" > \"${SCRIPT_OUTPUT_FILE_0}\"\n";
			showEnvVarsInLog = 0;
		};
/* End PBXShellScriptBuildPhase section */

/* Begin PBXSourcesBuildPhase section */
		E0B4373622644D52007425C8 /* Sources */ = {
			isa = PBXSourcesBuildPhase;
			buildActionMask = 2147483647;
			files = (
				E0B4376C22645E98007425C8 /* InputViewController.swift in Sources */,
				E0B4374022644D52007425C8 /* ViewController.swift in Sources */,
				E0B4373E22644D52007425C8 /* AppDelegate.swift in Sources */,
			);
			runOnlyForDeploymentPostprocessing = 0;
		};
		E0B4374A22644D52007425C8 /* Sources */ = {
			isa = PBXSourcesBuildPhase;
			buildActionMask = 2147483647;
			files = (
				E0B4375322644D52007425C8 /* taskAppTests.swift in Sources */,
			);
			runOnlyForDeploymentPostprocessing = 0;
		};
		E0B4375522644D52007425C8 /* Sources */ = {
			isa = PBXSourcesBuildPhase;
			buildActionMask = 2147483647;
			files = (
				E0B4375E22644D52007425C8 /* taskAppUITests.swift in Sources */,
			);
			runOnlyForDeploymentPostprocessing = 0;
		};
/* End PBXSourcesBuildPhase section */

/* Begin PBXTargetDependency section */
		E0B4375022644D52007425C8 /* PBXTargetDependency */ = {
			isa = PBXTargetDependency;
			target = E0B4373922644D52007425C8 /* taskApp */;
			targetProxy = E0B4374F22644D52007425C8 /* PBXContainerItemProxy */;
		};
		E0B4375B22644D52007425C8 /* PBXTargetDependency */ = {
			isa = PBXTargetDependency;
			target = E0B4373922644D52007425C8 /* taskApp */;
			targetProxy = E0B4375A22644D52007425C8 /* PBXContainerItemProxy */;
		};
/* End PBXTargetDependency section */

/* Begin PBXVariantGroup section */
		E0B4374122644D52007425C8 /* Main.storyboard */ = {
			isa = PBXVariantGroup;
			children = (
				E0B4374222644D52007425C8 /* Base */,
			);
			name = Main.storyboard;
			sourceTree = "<group>";
		};
		E0B4374622644D52007425C8 /* LaunchScreen.storyboard */ = {
			isa = PBXVariantGroup;
			children = (
				E0B4374722644D52007425C8 /* Base */,
			);
			name = LaunchScreen.storyboard;
			sourceTree = "<group>";
		};
/* End PBXVariantGroup section */

/* Begin XCBuildConfiguration section */
		E0B4376022644D52007425C8 /* Debug */ = {
			isa = XCBuildConfiguration;
			buildSettings = {
				ALWAYS_SEARCH_USER_PATHS = NO;
				CLANG_ANALYZER_NONNULL = YES;
				CLANG_ANALYZER_NUMBER_OBJECT_CONVERSION = YES_AGGRESSIVE;
				CLANG_CXX_LANGUAGE_STANDARD = "gnu++14";
				CLANG_CXX_LIBRARY = "libc++";
				CLANG_ENABLE_MODULES = YES;
				CLANG_ENABLE_OBJC_ARC = YES;
				CLANG_ENABLE_OBJC_WEAK = YES;
				CLANG_WARN_BLOCK_CAPTURE_AUTORELEASING = YES;
				CLANG_WARN_BOOL_CONVERSION = YES;
				CLANG_WARN_COMMA = YES;
				CLANG_WARN_CONSTANT_CONVERSION = YES;
				CLANG_WARN_DEPRECATED_OBJC_IMPLEMENTATIONS = YES;
				CLANG_WARN_DIRECT_OBJC_ISA_USAGE = YES_ERROR;
				CLANG_WARN_DOCUMENTATION_COMMENTS = YES;
				CLANG_WARN_EMPTY_BODY = YES;
				CLANG_WARN_ENUM_CONVERSION = YES;
				CLANG_WARN_INFINITE_RECURSION = YES;
				CLANG_WARN_INT_CONVERSION = YES;
				CLANG_WARN_NON_LITERAL_NULL_CONVERSION = YES;
				CLANG_WARN_OBJC_IMPLICIT_RETAIN_SELF = YES;
				CLANG_WARN_OBJC_LITERAL_CONVERSION = YES;
				CLANG_WARN_OBJC_ROOT_CLASS = YES_ERROR;
				CLANG_WARN_RANGE_LOOP_ANALYSIS = YES;
				CLANG_WARN_STRICT_PROTOTYPES = YES;
				CLANG_WARN_SUSPICIOUS_MOVE = YES;
				CLANG_WARN_UNGUARDED_AVAILABILITY = YES_AGGRESSIVE;
				CLANG_WARN_UNREACHABLE_CODE = YES;
				CLANG_WARN__DUPLICATE_METHOD_MATCH = YES;
				CODE_SIGN_IDENTITY = "iPhone Developer";
				COPY_PHASE_STRIP = NO;
				DEBUG_INFORMATION_FORMAT = dwarf;
				ENABLE_STRICT_OBJC_MSGSEND = YES;
				ENABLE_TESTABILITY = YES;
				GCC_C_LANGUAGE_STANDARD = gnu11;
				GCC_DYNAMIC_NO_PIC = NO;
				GCC_NO_COMMON_BLOCKS = YES;
				GCC_OPTIMIZATION_LEVEL = 0;
				GCC_PREPROCESSOR_DEFINITIONS = (
					"DEBUG=1",
					"$(inherited)",
				);
				GCC_WARN_64_TO_32_BIT_CONVERSION = YES;
				GCC_WARN_ABOUT_RETURN_TYPE = YES_ERROR;
				GCC_WARN_UNDECLARED_SELECTOR = YES;
				GCC_WARN_UNINITIALIZED_AUTOS = YES_AGGRESSIVE;
				GCC_WARN_UNUSED_FUNCTION = YES;
				GCC_WARN_UNUSED_VARIABLE = YES;
				IPHONEOS_DEPLOYMENT_TARGET = 12.1;
				MTL_ENABLE_DEBUG_INFO = INCLUDE_SOURCE;
				MTL_FAST_MATH = YES;
				ONLY_ACTIVE_ARCH = YES;
				SDKROOT = iphoneos;
				SWIFT_ACTIVE_COMPILATION_CONDITIONS = DEBUG;
				SWIFT_OPTIMIZATION_LEVEL = "-Onone";
			};
			name = Debug;
		};
		E0B4376122644D52007425C8 /* Release */ = {
			isa = XCBuildConfiguration;
			buildSettings = {
				ALWAYS_SEARCH_USER_PATHS = NO;
				CLANG_ANALYZER_NONNULL = YES;
				CLANG_ANALYZER_NUMBER_OBJECT_CONVERSION = YES_AGGRESSIVE;
				CLANG_CXX_LANGUAGE_STANDARD = "gnu++14";
				CLANG_CXX_LIBRARY = "libc++";
				CLANG_ENABLE_MODULES = YES;
				CLANG_ENABLE_OBJC_ARC = YES;
				CLANG_ENABLE_OBJC_WEAK = YES;
				CLANG_WARN_BLOCK_CAPTURE_AUTORELEASING = YES;
				CLANG_WARN_BOOL_CONVERSION = YES;
				CLANG_WARN_COMMA = YES;
				CLANG_WARN_CONSTANT_CONVERSION = YES;
				CLANG_WARN_DEPRECATED_OBJC_IMPLEMENTATIONS = YES;
				CLANG_WARN_DIRECT_OBJC_ISA_USAGE = YES_ERROR;
				CLANG_WARN_DOCUMENTATION_COMMENTS = YES;
				CLANG_WARN_EMPTY_BODY = YES;
				CLANG_WARN_ENUM_CONVERSION = YES;
				CLANG_WARN_INFINITE_RECURSION = YES;
				CLANG_WARN_INT_CONVERSION = YES;
				CLANG_WARN_NON_LITERAL_NULL_CONVERSION = YES;
				CLANG_WARN_OBJC_IMPLICIT_RETAIN_SELF = YES;
				CLANG_WARN_OBJC_LITERAL_CONVERSION = YES;
				CLANG_WARN_OBJC_ROOT_CLASS = YES_ERROR;
				CLANG_WARN_RANGE_LOOP_ANALYSIS = YES;
				CLANG_WARN_STRICT_PROTOTYPES = YES;
				CLANG_WARN_SUSPICIOUS_MOVE = YES;
				CLANG_WARN_UNGUARDED_AVAILABILITY = YES_AGGRESSIVE;
				CLANG_WARN_UNREACHABLE_CODE = YES;
				CLANG_WARN__DUPLICATE_METHOD_MATCH = YES;
				CODE_SIGN_IDENTITY = "iPhone Developer";
				COPY_PHASE_STRIP = NO;
				DEBUG_INFORMATION_FORMAT = "dwarf-with-dsym";
				ENABLE_NS_ASSERTIONS = NO;
				ENABLE_STRICT_OBJC_MSGSEND = YES;
				GCC_C_LANGUAGE_STANDARD = gnu11;
				GCC_NO_COMMON_BLOCKS = YES;
				GCC_WARN_64_TO_32_BIT_CONVERSION = YES;
				GCC_WARN_ABOUT_RETURN_TYPE = YES_ERROR;
				GCC_WARN_UNDECLARED_SELECTOR = YES;
				GCC_WARN_UNINITIALIZED_AUTOS = YES_AGGRESSIVE;
				GCC_WARN_UNUSED_FUNCTION = YES;
				GCC_WARN_UNUSED_VARIABLE = YES;
				IPHONEOS_DEPLOYMENT_TARGET = 12.1;
				MTL_ENABLE_DEBUG_INFO = NO;
				MTL_FAST_MATH = YES;
				SDKROOT = iphoneos;
				SWIFT_COMPILATION_MODE = wholemodule;
				SWIFT_OPTIMIZATION_LEVEL = "-O";
				VALIDATE_PRODUCT = YES;
			};
			name = Release;
		};
		E0B4376322644D52007425C8 /* Debug */ = {
			isa = XCBuildConfiguration;
			baseConfigurationReference = A013964E8492E4722C1DD3ED /* Pods-taskApp.debug.xcconfig */;
			buildSettings = {
				ASSETCATALOG_COMPILER_APPICON_NAME = AppIcon;
				CODE_SIGN_STYLE = Automatic;
				INFOPLIST_FILE = taskApp/Info.plist;
				LD_RUNPATH_SEARCH_PATHS = (
					"$(inherited)",
					"@executable_path/Frameworks",
				);
				PRODUCT_BUNDLE_IDENTIFIER = jp.techacademy.yusa.ho.taskApp;
				PRODUCT_NAME = "$(TARGET_NAME)";
				SWIFT_VERSION = 4.2;
				TARGETED_DEVICE_FAMILY = "1,2";
			};
			name = Debug;
		};
		E0B4376422644D52007425C8 /* Release */ = {
			isa = XCBuildConfiguration;
			baseConfigurationReference = 6FA99C5A1C7486B231F5490A /* Pods-taskApp.release.xcconfig */;
			buildSettings = {
				ASSETCATALOG_COMPILER_APPICON_NAME = AppIcon;
				CODE_SIGN_STYLE = Automatic;
				INFOPLIST_FILE = taskApp/Info.plist;
				LD_RUNPATH_SEARCH_PATHS = (
					"$(inherited)",
					"@executable_path/Frameworks",
				);
				PRODUCT_BUNDLE_IDENTIFIER = jp.techacademy.yusa.ho.taskApp;
				PRODUCT_NAME = "$(TARGET_NAME)";
				SWIFT_VERSION = 4.2;
				TARGETED_DEVICE_FAMILY = "1,2";
			};
			name = Release;
		};
		E0B4376622644D52007425C8 /* Debug */ = {
			isa = XCBuildConfiguration;
			buildSettings = {
				ALWAYS_EMBED_SWIFT_STANDARD_LIBRARIES = YES;
				BUNDLE_LOADER = "$(TEST_HOST)";
				CODE_SIGN_STYLE = Automatic;
				INFOPLIST_FILE = taskAppTests/Info.plist;
				LD_RUNPATH_SEARCH_PATHS = (
					"$(inherited)",
					"@executable_path/Frameworks",
					"@loader_path/Frameworks",
				);
				PRODUCT_BUNDLE_IDENTIFIER = jp.techacademy.yusa.ho.taskAppTests;
				PRODUCT_NAME = "$(TARGET_NAME)";
				SWIFT_VERSION = 4.2;
				TARGETED_DEVICE_FAMILY = "1,2";
				TEST_HOST = "$(BUILT_PRODUCTS_DIR)/taskApp.app/taskApp";
			};
			name = Debug;
		};
		E0B4376722644D52007425C8 /* Release */ = {
			isa = XCBuildConfiguration;
			buildSettings = {
				ALWAYS_EMBED_SWIFT_STANDARD_LIBRARIES = YES;
				BUNDLE_LOADER = "$(TEST_HOST)";
				CODE_SIGN_STYLE = Automatic;
				INFOPLIST_FILE = taskAppTests/Info.plist;
				LD_RUNPATH_SEARCH_PATHS = (
					"$(inherited)",
					"@executable_path/Frameworks",
					"@loader_path/Frameworks",
				);
				PRODUCT_BUNDLE_IDENTIFIER = jp.techacademy.yusa.ho.taskAppTests;
				PRODUCT_NAME = "$(TARGET_NAME)";
				SWIFT_VERSION = 4.2;
				TARGETED_DEVICE_FAMILY = "1,2";
				TEST_HOST = "$(BUILT_PRODUCTS_DIR)/taskApp.app/taskApp";
			};
			name = Release;
		};
		E0B4376922644D52007425C8 /* Debug */ = {
			isa = XCBuildConfiguration;
			buildSettings = {
				ALWAYS_EMBED_SWIFT_STANDARD_LIBRARIES = YES;
				CODE_SIGN_STYLE = Automatic;
				INFOPLIST_FILE = taskAppUITests/Info.plist;
				LD_RUNPATH_SEARCH_PATHS = (
					"$(inherited)",
					"@executable_path/Frameworks",
					"@loader_path/Frameworks",
				);
				PRODUCT_BUNDLE_IDENTIFIER = jp.techacademy.yusa.ho.taskAppUITests;
				PRODUCT_NAME = "$(TARGET_NAME)";
				SWIFT_VERSION = 4.2;
				TARGETED_DEVICE_FAMILY = "1,2";
				TEST_TARGET_NAME = taskApp;
			};
			name = Debug;
		};
		E0B4376A22644D52007425C8 /* Release */ = {
			isa = XCBuildConfiguration;
			buildSettings = {
				ALWAYS_EMBED_SWIFT_STANDARD_LIBRARIES = YES;
				CODE_SIGN_STYLE = Automatic;
				INFOPLIST_FILE = taskAppUITests/Info.plist;
				LD_RUNPATH_SEARCH_PATHS = (
					"$(inherited)",
					"@executable_path/Frameworks",
					"@loader_path/Frameworks",
				);
				PRODUCT_BUNDLE_IDENTIFIER = jp.techacademy.yusa.ho.taskAppUITests;
				PRODUCT_NAME = "$(TARGET_NAME)";
				SWIFT_VERSION = 4.2;
				TARGETED_DEVICE_FAMILY = "1,2";
				TEST_TARGET_NAME = taskApp;
			};
			name = Release;
		};
/* End XCBuildConfiguration section */

/* Begin XCConfigurationList section */
		E0B4373522644D52007425C8 /* Build configuration list for PBXProject "taskApp" */ = {
			isa = XCConfigurationList;
			buildConfigurations = (
				E0B4376022644D52007425C8 /* Debug */,
				E0B4376122644D52007425C8 /* Release */,
			);
			defaultConfigurationIsVisible = 0;
			defaultConfigurationName = Release;
		};
		E0B4376222644D52007425C8 /* Build configuration list for PBXNativeTarget "taskApp" */ = {
			isa = XCConfigurationList;
			buildConfigurations = (
				E0B4376322644D52007425C8 /* Debug */,
				E0B4376422644D52007425C8 /* Release */,
			);
			defaultConfigurationIsVisible = 0;
			defaultConfigurationName = Release;
		};
		E0B4376522644D52007425C8 /* Build configuration list for PBXNativeTarget "taskAppTests" */ = {
			isa = XCConfigurationList;
			buildConfigurations = (
				E0B4376622644D52007425C8 /* Debug */,
				E0B4376722644D52007425C8 /* Release */,
			);
			defaultConfigurationIsVisible = 0;
			defaultConfigurationName = Release;
		};
		E0B4376822644D52007425C8 /* Build configuration list for PBXNativeTarget "taskAppUITests" */ = {
			isa = XCConfigurationList;
			buildConfigurations = (
				E0B4376922644D52007425C8 /* Debug */,
				E0B4376A22644D52007425C8 /* Release */,
			);
			defaultConfigurationIsVisible = 0;
			defaultConfigurationName = Release;
		};
/* End XCConfigurationList section */
	};
	rootObject = E0B4373222644D52007425C8 /* Project object */;
}
